
Microsoft Visual Studio Solution File, Format Version 12.00
Project("{FAE04EC0-301F-11D3-BF4B-00C04F79EFBC}") = "MessageAnnouncer", "MessageAnnouncer\MessageAnnouncer.csproj", "{EC0C65A6-C491-4790-8862-C5F3509F089D}"
EndProject
Global
	GlobalSection(SolutionConfigurationPlatforms) = preSolution
		Debug|Any CPU = Debug|Any CPU
		Release|Any CPU = Release|Any CPU
	EndGlobalSection
	GlobalSection(ProjectConfigurationPlatforms) = postSolution
		{EC0C65A6-C491-4790-8862-C5F3509F089D}.Debug|Any CPU.ActiveCfg = Debug|Any CPU
		{EC0C65A6-C491-4790-8862-C5F3509F089D}.Debug|Any CPU.Build.0 = Debug|Any CPU
		{EC0C65A6-C491-4790-8862-C5F3509F089D}.Release|Any CPU.ActiveCfg = Release|Any CPU
		{EC0C65A6-C491-4790-8862-C5F3509F089D}.Release|Any CPU.Build.0 = Release|Any CPU
	EndGlobalSection
EndGlobal
